schema: '2.0'
stages:
  preprocess_data:
    cmd: python preprocess_data.py
    deps:
    - path: City_Types.csv
      hash: md5
      md5: 746184f000f8d83469cad3af5be7b57c
      size: 4033194
    - path: preprocess_data.py
      hash: md5
      md5: 66a9ea227eee0b540498200ff78b1aeb
      size: 1051
    outs:
    - path: data_preprocessed.csv
      hash: md5
      md5: 82c7cb30b0386e4631007cc8d0fc2749
      size: 3249327
  train_model:
    cmd: python train_model.py
    deps:
    - path: data_preprocessed.csv
      hash: md5
      md5: 82c7cb30b0386e4631007cc8d0fc2749
      size: 3249327
    - path: train_model.py
      hash: md5
      md5: 629529e3baa28573a8f0f99aab6537ae
      size: 1534
    outs:
    - path: metrics.json
      hash: md5
      md5: 129782acbb8bd23ffa53ca1a61e05bae
      size: 83
    - path: scatterplot_with_prediction.png
      hash: md5
      md5: 463b0747f17dae8d73e62ec94cc78671
      size: 535254
